
Microsoft Visual Studio Solution File, Format Version 12.00
# Visual Studio 15
VisualStudioVersion = 15.0.26124.0
MinimumVisualStudioVersion = 15.0.26124.0
Project("{FAE04EC0-301F-11D3-BF4B-00C04F79EFBC}") = "HintKeep", "HintKeep\HintKeep.csproj", "{3E3A13E5-FEB6-4370-96A2-DD4886D2239D}"
EndProject
Project("{FAE04EC0-301F-11D3-BF4B-00C04F79EFBC}") = "HintKeep.Tests", "HintKeep.Tests\HintKeep.Tests.csproj", "{64F6546F-CCE5-498D-8745-A97AF7E0E5AF}"
EndProject
Global
	GlobalSection(SolutionConfigurationPlatforms) = preSolution
		Debug|Any CPU = Debug|Any CPU
		Debug|x64 = Debug|x64
		Debug|x86 = Debug|x86
		Release|Any CPU = Release|Any CPU
		Release|x64 = Release|x64
		Release|x86 = Release|x86
	EndGlobalSection
	GlobalSection(SolutionProperties) = preSolution
		HideSolutionNode = FALSE
	EndGlobalSection
	GlobalSection(ProjectConfigurationPlatforms) = postSolution
		{3E3A13E5-FEB6-4370-96A2-DD4886D2239D}.Debug|Any CPU.ActiveCfg = Debug|Any CPU
		{3E3A13E5-FEB6-4370-96A2-DD4886D2239D}.Debug|Any CPU.Build.0 = Debug|Any CPU
		{3E3A13E5-FEB6-4370-96A2-DD4886D2239D}.Debug|x64.ActiveCfg = Debug|Any CPU
		{3E3A13E5-FEB6-4370-96A2-DD4886D2239D}.Debug|x64.Build.0 = Debug|Any CPU
		{3E3A13E5-FEB6-4370-96A2-DD4886D2239D}.Debug|x86.ActiveCfg = Debug|Any CPU
		{3E3A13E5-FEB6-4370-96A2-DD4886D2239D}.Debug|x86.Build.0 = Debug|Any CPU
		{3E3A13E5-FEB6-4370-96A2-DD4886D2239D}.Release|Any CPU.ActiveCfg = Release|Any CPU
		{3E3A13E5-FEB6-4370-96A2-DD4886D2239D}.Release|Any CPU.Build.0 = Release|Any CPU
		{3E3A13E5-FEB6-4370-96A2-DD4886D2239D}.Release|x64.ActiveCfg = Release|Any CPU
		{3E3A13E5-FEB6-4370-96A2-DD4886D2239D}.Release|x64.Build.0 = Release|Any CPU
		{3E3A13E5-FEB6-4370-96A2-DD4886D2239D}.Release|x86.ActiveCfg = Release|Any CPU
		{3E3A13E5-FEB6-4370-96A2-DD4886D2239D}.Release|x86.Build.0 = Release|Any CPU
		{64F6546F-CCE5-498D-8745-A97AF7E0E5AF}.Debug|Any CPU.ActiveCfg = Debug|Any CPU
		{64F6546F-CCE5-498D-8745-A97AF7E0E5AF}.Debug|Any CPU.Build.0 = Debug|Any CPU
		{64F6546F-CCE5-498D-8745-A97AF7E0E5AF}.Debug|x64.ActiveCfg = Debug|Any CPU
		{64F6546F-CCE5-498D-8745-A97AF7E0E5AF}.Debug|x64.Build.0 = Debug|Any CPU
		{64F6546F-CCE5-498D-8745-A97AF7E0E5AF}.Debug|x86.ActiveCfg = Debug|Any CPU
		{64F6546F-CCE5-498D-8745-A97AF7E0E5AF}.Debug|x86.Build.0 = Debug|Any CPU
		{64F6546F-CCE5-498D-8745-A97AF7E0E5AF}.Release|Any CPU.ActiveCfg = Release|Any CPU
		{64F6546F-CCE5-498D-8745-A97AF7E0E5AF}.Release|Any CPU.Build.0 = Release|Any CPU
		{64F6546F-CCE5-498D-8745-A97AF7E0E5AF}.Release|x64.ActiveCfg = Release|Any CPU
		{64F6546F-CCE5-498D-8745-A97AF7E0E5AF}.Release|x64.Build.0 = Release|Any CPU
		{64F6546F-CCE5-498D-8745-A97AF7E0E5AF}.Release|x86.ActiveCfg = Release|Any CPU
		{64F6546F-CCE5-498D-8745-A97AF7E0E5AF}.Release|x86.Build.0 = Release|Any CPU
	EndGlobalSection
EndGlobal
