
Microsoft Visual Studio Solution File, Format Version 12.00
# Visual Studio Version 17
VisualStudioVersion = 17.0.31903.59
MinimumVisualStudioVersion = 10.0.40219.1
Project("{FAE04EC0-301F-11D3-BF4B-00C04F79EFBC}") = "HintKeep.GraphQL", "HintKeep.GraphQL.csproj", "{3FCE8873-5C64-4DB1-BF2F-63864355AFA9}"
EndProject
Project("{FAE04EC0-301F-11D3-BF4B-00C04F79EFBC}") = "FeatureMarkdownWriter", "..\.docs\FeatureMarkdownWriter\FeatureMarkdownWriter.csproj", "{C0841F95-9C24-42C9-8499-77C78A710103}"
EndProject
Project("{FAE04EC0-301F-11D3-BF4B-00C04F79EFBC}") = "HandlebarsMarkdownWriter", "..\.docs\HandlebarsMarkdownWriter\HandlebarsMarkdownWriter.csproj", "{247148B8-02B9-4784-B91B-550ED7C10504}"
EndProject
Global
	GlobalSection(SolutionConfigurationPlatforms) = preSolution
		Debug|Any CPU = Debug|Any CPU
		Release|Any CPU = Release|Any CPU
	EndGlobalSection
	GlobalSection(SolutionProperties) = preSolution
		HideSolutionNode = FALSE
	EndGlobalSection
	GlobalSection(ProjectConfigurationPlatforms) = postSolution
		{3FCE8873-5C64-4DB1-BF2F-63864355AFA9}.Debug|Any CPU.ActiveCfg = Debug|Any CPU
		{3FCE8873-5C64-4DB1-BF2F-63864355AFA9}.Debug|Any CPU.Build.0 = Debug|Any CPU
		{3FCE8873-5C64-4DB1-BF2F-63864355AFA9}.Release|Any CPU.ActiveCfg = Release|Any CPU
		{3FCE8873-5C64-4DB1-BF2F-63864355AFA9}.Release|Any CPU.Build.0 = Release|Any CPU
		{C0841F95-9C24-42C9-8499-77C78A710103}.Debug|Any CPU.ActiveCfg = Debug|Any CPU
		{C0841F95-9C24-42C9-8499-77C78A710103}.Debug|Any CPU.Build.0 = Debug|Any CPU
		{C0841F95-9C24-42C9-8499-77C78A710103}.Release|Any CPU.ActiveCfg = Release|Any CPU
		{C0841F95-9C24-42C9-8499-77C78A710103}.Release|Any CPU.Build.0 = Release|Any CPU
		{247148B8-02B9-4784-B91B-550ED7C10504}.Debug|Any CPU.ActiveCfg = Debug|Any CPU
		{247148B8-02B9-4784-B91B-550ED7C10504}.Debug|Any CPU.Build.0 = Debug|Any CPU
		{247148B8-02B9-4784-B91B-550ED7C10504}.Release|Any CPU.ActiveCfg = Release|Any CPU
		{247148B8-02B9-4784-B91B-550ED7C10504}.Release|Any CPU.Build.0 = Release|Any CPU
	EndGlobalSection
EndGlobal
